{
  "name": "OpenTallas",
  "lockfileVersion": 3,
  "requires": true,
  "packages": {
    "": {
      "dependencies": {
        "agentswap": "^0.4.0"
      }
    },
    "node_modules/agentswap": {
      "version": "0.4.0",
      "resolved": "https://registry.npmjs.org/agentswap/-/agentswap-0.4.0.tgz",
      "integrity": "sha512-DqBemoOrUQpUm+t4aNYhFTm24Hm37j7YLggLy7kWIIEdy9+2praNZdJo5JEta5TJxzc2iQEzyXWIOGgi9lFlgw==",
      "license": "MIT",
      "bin": {
        "agentswap": "bin/agentswap.mjs",
        "aswap": "bin/agentswap.mjs"
      },
      "engines": {
        "node": ">=20"
      }
    }
  }
}
